
Microsoft Visual Studio Solution File, Format Version 12.00
# Visual Studio Version 17
VisualStudioVersion = 17.13.35931.197 d17.13
MinimumVisualStudioVersion = 10.0.40219.1
Project("{FAE04EC0-301F-11D3-BF4B-00C04F79EFBC}") = "ChatAPI", "ChatAPI.csproj", "{5C0CF193-1D62-456D-A407-1754F4A59B13}"
EndProject
Global
	GlobalSection(SolutionConfigurationPlatforms) = preSolution
		Debug|Any CPU = Debug|Any CPU
		Release|Any CPU = Release|Any CPU
	EndGlobalSection
	GlobalSection(ProjectConfigurationPlatforms) = postSolution
		{5C0CF193-1D62-456D-A407-1754F4A59B13}.Debug|Any CPU.ActiveCfg = Debug|Any CPU
		{5C0CF193-1D62-456D-A407-1754F4A59B13}.Debug|Any CPU.Build.0 = Debug|Any CPU
		{5C0CF193-1D62-456D-A407-1754F4A59B13}.Release|Any CPU.ActiveCfg = Release|Any CPU
		{5C0CF193-1D62-456D-A407-1754F4A59B13}.Release|Any CPU.Build.0 = Release|Any CPU
	EndGlobalSection
	GlobalSection(SolutionProperties) = preSolution
		HideSolutionNode = FALSE
	EndGlobalSection
	GlobalSection(ExtensibilityGlobals) = postSolution
		SolutionGuid = {4926132C-7F36-48D8-AA5E-A6507217D7CC}
	EndGlobalSection
EndGlobal
